# This file is generated by running "yarn install" inside your project.
# Manual changes might be lost - proceed with caution!

__metadata:
  version: 6
  cacheKey: 8

"akaei@workspace:.":
  version: 0.0.0-use.local
  resolution: "akaei@workspace:."
  dependencies:
    dotenv: ^16.0.1
  languageName: unknown
  linkType: soft

"dotenv@npm:^16.0.1":
  version: 16.0.1
  resolution: "dotenv@npm:16.0.1"
  checksum: f459ffce07b977b7f15d8cc4ee69cdff77d4dd8c5dc8c85d2d485ee84655352c2415f9dd09d42b5b5985ced3be186130871b34e2f3e2569ebc72fbc2e8096792
  languageName: node
  linkType: hard
